# This file is automatically @generated by Cargo.
# It is not intended for manual editing.
version = 3

[[package]]
name = "block_rain"
version = "0.1.0"
dependencies = [
 "pcg_with_xorshift",
 "raw_terminal",
]

[[package]]
name = "pcg_with_xorshift"
version = "1.0.0"
source = "registry+https://github.com/rust-lang/crates.io-index"
checksum = "7c2a913cc29db93160afcb9d7c2f40dfa4704025ccefb23fbcf3bf516db116d1"

[[package]]
name = "raw_terminal"
version = "0.1.0"
source = "registry+https://github.com/rust-lang/crates.io-index"
checksum = "5ddbb7d14b80e2c0de4f8dbcbb322ccbfffe33aa4ef90d0a953ba4b5f0d3f9a0"
